
Microsoft Visual Studio Solution File, Format Version 12.00
# Visual Studio Version 16
VisualStudioVersion = 16.0.29318.209
MinimumVisualStudioVersion = 10.0.40219.1
Project("{FAE04EC0-301F-11D3-BF4B-00C04F79EFBC}") = "RotationShiz", "RotationShiz\RotationShiz.csproj", "{9479DBB5-E3E8-4F5F-BD28-CA346781CE0B}"
EndProject
Project("{2150E333-8FDC-42A3-9474-1A3956D46DE8}") = "Solution Items", "Solution Items", "{435D33A3-E518-4FE4-8163-1E265810E8E6}"
	ProjectSection(SolutionItems) = preProject
		README.md = README.md
	EndProjectSection
EndProject
Global
	GlobalSection(SolutionConfigurationPlatforms) = preSolution
		Debug|Any CPU = Debug|Any CPU
		Release|Any CPU = Release|Any CPU
	EndGlobalSection
	GlobalSection(ProjectConfigurationPlatforms) = postSolution
		{9479DBB5-E3E8-4F5F-BD28-CA346781CE0B}.Debug|Any CPU.ActiveCfg = Debug|Any CPU
		{9479DBB5-E3E8-4F5F-BD28-CA346781CE0B}.Debug|Any CPU.Build.0 = Debug|Any CPU
		{9479DBB5-E3E8-4F5F-BD28-CA346781CE0B}.Release|Any CPU.ActiveCfg = Release|Any CPU
		{9479DBB5-E3E8-4F5F-BD28-CA346781CE0B}.Release|Any CPU.Build.0 = Release|Any CPU
	EndGlobalSection
	GlobalSection(SolutionProperties) = preSolution
		HideSolutionNode = FALSE
	EndGlobalSection
	GlobalSection(ExtensibilityGlobals) = postSolution
		SolutionGuid = {2B81012D-67D0-4538-B986-25D7ECB19517}
	EndGlobalSection
EndGlobal
